
Microsoft Visual Studio Solution File, Format Version 12.00
# Visual Studio 15
VisualStudioVersion = 15.0.26228.37
MinimumVisualStudioVersion = 10.0.40219.1
Project("{8BC9CEB8-8B4A-11D0-8D11-00A0C91BC942}") = "Branch01", "Branch01\Branch01.vcxproj", "{53158754-4469-45DC-B6CB-B9F3B8A8C8CA}"
EndProject
Project("{8BC9CEB8-8B4A-11D0-8D11-00A0C91BC942}") = "branch04", "Branch04\branch04.vcxproj", "{FA950F5C-47E3-4339-BCA9-F5E7F82638BE}"
EndProject
Project("{8BC9CEB8-8B4A-11D0-8D11-00A0C91BC942}") = "Branch06", "Branch06\Branch06.vcxproj", "{4E509BC1-FB20-4365-B586-F6717E068725}"
EndProject
Project("{8BC9CEB8-8B4A-11D0-8D11-00A0C91BC942}") = "Branch05", "Branch05\Branch05.vcxproj", "{A368E934-5D1E-4AC3-A8D0-701B8C589B4F}"
EndProject
Project("{8BC9CEB8-8B4A-11D0-8D11-00A0C91BC942}") = "Branch07", "Branch07\Branch07.vcxproj", "{67B3083D-E53B-4DA1-AF18-1053B15DA6A3}"
EndProject
Project("{8BC9CEB8-8B4A-11D0-8D11-00A0C91BC942}") = "Branch08", "Branch08\Branch08.vcxproj", "{C24760C0-214C-4459-ABE3-559525C735BA}"
EndProject
Project("{8BC9CEB8-8B4A-11D0-8D11-00A0C91BC942}") = "Class01", "Class01\Class01.vcxproj", "{6C743C5C-F3C9-4E33-9B8C-A77C86A17175}"
EndProject
Project("{8BC9CEB8-8B4A-11D0-8D11-00A0C91BC942}") = "Class02", "Class02\Class02.vcxproj", "{50A8432F-E6F4-4077-9AA6-54DB9D64A7A8}"
EndProject
Project("{8BC9CEB8-8B4A-11D0-8D11-00A0C91BC942}") = "Class03", "Class03\Class03.vcxproj", "{5B9E57F4-4C20-4421-BA07-BED31E4F36A1}"
EndProject
Project("{8BC9CEB8-8B4A-11D0-8D11-00A0C91BC942}") = "Class04", "Class04\Class04.vcxproj", "{81876A64-D750-4AE3-8D9C-97C05AC8E2E3}"
EndProject
Project("{8BC9CEB8-8B4A-11D0-8D11-00A0C91BC942}") = "Class05", "Class05\Classs05.vcxproj", "{F7597569-01A2-4788-AC51-857384B8F7CA}"
EndProject
Project("{8BC9CEB8-8B4A-11D0-8D11-00A0C91BC942}") = "PreProcessor01", "PreProcessor01\PreProcessor01.vcxproj", "{C2682CDD-792D-41B7-B55C-5AF9C57CDF27}"
EndProject
Project("{8BC9CEB8-8B4A-11D0-8D11-00A0C91BC942}") = "PreProcessor02", "PreProcessor02\PreProcessor02.vcxproj", "{F5F36E2C-D5B6-4821-AD3C-37DB72C634BA}"
EndProject
Project("{8BC9CEB8-8B4A-11D0-8D11-00A0C91BC942}") = "PreProcessor03", "PreProcessor03\PreProcessor03.vcxproj", "{605FE5A2-DAF6-43FD-98C0-AA43FF8203A3}"
EndProject
Project("{8BC9CEB8-8B4A-11D0-8D11-00A0C91BC942}") = "Variable01", "Variable01\Variable01.vcxproj", "{D206D212-8F20-41C7-BB5C-02E473D3FBB7}"
EndProject
Project("{8BC9CEB8-8B4A-11D0-8D11-00A0C91BC942}") = "Variable02", "Variable02\Variable02.vcxproj", "{F0180E08-6865-4FCC-B5F5-831C147471A8}"
EndProject
Project("{8BC9CEB8-8B4A-11D0-8D11-00A0C91BC942}") = "Variable03", "Variable03\Variable03.vcxproj", "{A857F049-6AB9-4AAC-8C00-0B5FD390E859}"
EndProject
Project("{8BC9CEB8-8B4A-11D0-8D11-00A0C91BC942}") = "Variable04", "Variable04\Variable04.vcxproj", "{EF143575-E513-45C1-80AD-E2B88D4FFA37}"
EndProject
Project("{8BC9CEB8-8B4A-11D0-8D11-00A0C91BC942}") = "Variable05", "Variable05\Variable05.vcxproj", "{F6BEE54C-A555-4F7B-92A8-94E0CE873BCC}"
EndProject
Project("{8BC9CEB8-8B4A-11D0-8D11-00A0C91BC942}") = "Variable06", "Variable06\Variable06.vcxproj", "{F019C91F-31E7-4B6B-AE46-40772ABE8B51}"
EndProject
Project("{8BC9CEB8-8B4A-11D0-8D11-00A0C91BC942}") = "Variable07", "Variable07\Variable07.vcxproj", "{42ABAF1F-4A9B-4818-A54E-AA6C2BF124E5}"
EndProject
Project("{8BC9CEB8-8B4A-11D0-8D11-00A0C91BC942}") = "Variable08", "Variable08\Variable08.vcxproj", "{05C431D7-CD86-41AE-AD2A-A741BB53194F}"
EndProject
Global
	GlobalSection(SolutionConfigurationPlatforms) = preSolution
		Debug|x64 = Debug|x64
		Debug|x86 = Debug|x86
		Release|x64 = Release|x64
		Release|x86 = Release|x86
	EndGlobalSection
	GlobalSection(ProjectConfigurationPlatforms) = postSolution
		{53158754-4469-45DC-B6CB-B9F3B8A8C8CA}.Debug|x64.ActiveCfg = Debug|x64
		{53158754-4469-45DC-B6CB-B9F3B8A8C8CA}.Debug|x64.Build.0 = Debug|x64
		{53158754-4469-45DC-B6CB-B9F3B8A8C8CA}.Debug|x86.ActiveCfg = Debug|Win32
		{53158754-4469-45DC-B6CB-B9F3B8A8C8CA}.Debug|x86.Build.0 = Debug|Win32
		{53158754-4469-45DC-B6CB-B9F3B8A8C8CA}.Release|x64.ActiveCfg = Release|x64
		{53158754-4469-45DC-B6CB-B9F3B8A8C8CA}.Release|x64.Build.0 = Release|x64
		{53158754-4469-45DC-B6CB-B9F3B8A8C8CA}.Release|x86.ActiveCfg = Release|Win32
		{53158754-4469-45DC-B6CB-B9F3B8A8C8CA}.Release|x86.Build.0 = Release|Win32
		{FA950F5C-47E3-4339-BCA9-F5E7F82638BE}.Debug|x64.ActiveCfg = Debug|x64
		{FA950F5C-47E3-4339-BCA9-F5E7F82638BE}.Debug|x64.Build.0 = Debug|x64
		{FA950F5C-47E3-4339-BCA9-F5E7F82638BE}.Debug|x86.ActiveCfg = Debug|Win32
		{FA950F5C-47E3-4339-BCA9-F5E7F82638BE}.Debug|x86.Build.0 = Debug|Win32
		{FA950F5C-47E3-4339-BCA9-F5E7F82638BE}.Release|x64.ActiveCfg = Release|x64
		{FA950F5C-47E3-4339-BCA9-F5E7F82638BE}.Release|x64.Build.0 = Release|x64
		{FA950F5C-47E3-4339-BCA9-F5E7F82638BE}.Release|x86.ActiveCfg = Release|Win32
		{FA950F5C-47E3-4339-BCA9-F5E7F82638BE}.Release|x86.Build.0 = Release|Win32
		{4E509BC1-FB20-4365-B586-F6717E068725}.Debug|x64.ActiveCfg = Debug|x64
		{4E509BC1-FB20-4365-B586-F6717E068725}.Debug|x64.Build.0 = Debug|x64
		{4E509BC1-FB20-4365-B586-F6717E068725}.Debug|x86.ActiveCfg = Debug|Win32
		{4E509BC1-FB20-4365-B586-F6717E068725}.Debug|x86.Build.0 = Debug|Win32
		{4E509BC1-FB20-4365-B586-F6717E068725}.Release|x64.ActiveCfg = Release|x64
		{4E509BC1-FB20-4365-B586-F6717E068725}.Release|x64.Build.0 = Release|x64
		{4E509BC1-FB20-4365-B586-F6717E068725}.Release|x86.ActiveCfg = Release|Win32
		{4E509BC1-FB20-4365-B586-F6717E068725}.Release|x86.Build.0 = Release|Win32
		{A368E934-5D1E-4AC3-A8D0-701B8C589B4F}.Debug|x64.ActiveCfg = Debug|x64
		{A368E934-5D1E-4AC3-A8D0-701B8C589B4F}.Debug|x64.Build.0 = Debug|x64
		{A368E934-5D1E-4AC3-A8D0-701B8C589B4F}.Debug|x86.ActiveCfg = Debug|Win32
		{A368E934-5D1E-4AC3-A8D0-701B8C589B4F}.Debug|x86.Build.0 = Debug|Win32
		{A368E934-5D1E-4AC3-A8D0-701B8C589B4F}.Release|x64.ActiveCfg = Release|x64
		{A368E934-5D1E-4AC3-A8D0-701B8C589B4F}.Release|x64.Build.0 = Release|x64
		{A368E934-5D1E-4AC3-A8D0-701B8C589B4F}.Release|x86.ActiveCfg = Release|Win32
		{A368E934-5D1E-4AC3-A8D0-701B8C589B4F}.Release|x86.Build.0 = Release|Win32
		{67B3083D-E53B-4DA1-AF18-1053B15DA6A3}.Debug|x64.ActiveCfg = Debug|x64
		{67B3083D-E53B-4DA1-AF18-1053B15DA6A3}.Debug|x64.Build.0 = Debug|x64
		{67B3083D-E53B-4DA1-AF18-1053B15DA6A3}.Debug|x86.ActiveCfg = Debug|Win32
		{67B3083D-E53B-4DA1-AF18-1053B15DA6A3}.Debug|x86.Build.0 = Debug|Win32
		{67B3083D-E53B-4DA1-AF18-1053B15DA6A3}.Release|x64.ActiveCfg = Release|x64
		{67B3083D-E53B-4DA1-AF18-1053B15DA6A3}.Release|x64.Build.0 = Release|x64
		{67B3083D-E53B-4DA1-AF18-1053B15DA6A3}.Release|x86.ActiveCfg = Release|Win32
		{67B3083D-E53B-4DA1-AF18-1053B15DA6A3}.Release|x86.Build.0 = Release|Win32
		{C24760C0-214C-4459-ABE3-559525C735BA}.Debug|x64.ActiveCfg = Debug|x64
		{C24760C0-214C-4459-ABE3-559525C735BA}.Debug|x64.Build.0 = Debug|x64
		{C24760C0-214C-4459-ABE3-559525C735BA}.Debug|x86.ActiveCfg = Debug|Win32
		{C24760C0-214C-4459-ABE3-559525C735BA}.Debug|x86.Build.0 = Debug|Win32
		{C24760C0-214C-4459-ABE3-559525C735BA}.Release|x64.ActiveCfg = Release|x64
		{C24760C0-214C-4459-ABE3-559525C735BA}.Release|x64.Build.0 = Release|x64
		{C24760C0-214C-4459-ABE3-559525C735BA}.Release|x86.ActiveCfg = Release|Win32
		{C24760C0-214C-4459-ABE3-559525C735BA}.Release|x86.Build.0 = Release|Win32
		{6C743C5C-F3C9-4E33-9B8C-A77C86A17175}.Debug|x64.ActiveCfg = Debug|x64
		{6C743C5C-F3C9-4E33-9B8C-A77C86A17175}.Debug|x64.Build.0 = Debug|x64
		{6C743C5C-F3C9-4E33-9B8C-A77C86A17175}.Debug|x86.ActiveCfg = Debug|Win32
		{6C743C5C-F3C9-4E33-9B8C-A77C86A17175}.Debug|x86.Build.0 = Debug|Win32
		{6C743C5C-F3C9-4E33-9B8C-A77C86A17175}.Release|x64.ActiveCfg = Release|x64
		{6C743C5C-F3C9-4E33-9B8C-A77C86A17175}.Release|x64.Build.0 = Release|x64
		{6C743C5C-F3C9-4E33-9B8C-A77C86A17175}.Release|x86.ActiveCfg = Release|Win32
		{6C743C5C-F3C9-4E33-9B8C-A77C86A17175}.Release|x86.Build.0 = Release|Win32
		{50A8432F-E6F4-4077-9AA6-54DB9D64A7A8}.Debug|x64.ActiveCfg = Debug|x64
		{50A8432F-E6F4-4077-9AA6-54DB9D64A7A8}.Debug|x64.Build.0 = Debug|x64
		{50A8432F-E6F4-4077-9AA6-54DB9D64A7A8}.Debug|x86.ActiveCfg = Debug|Win32
		{50A8432F-E6F4-4077-9AA6-54DB9D64A7A8}.Debug|x86.Build.0 = Debug|Win32
		{50A8432F-E6F4-4077-9AA6-54DB9D64A7A8}.Release|x64.ActiveCfg = Release|x64
		{50A8432F-E6F4-4077-9AA6-54DB9D64A7A8}.Release|x64.Build.0 = Release|x64
		{50A8432F-E6F4-4077-9AA6-54DB9D64A7A8}.Release|x86.ActiveCfg = Release|Win32
		{50A8432F-E6F4-4077-9AA6-54DB9D64A7A8}.Release|x86.Build.0 = Release|Win32
		{5B9E57F4-4C20-4421-BA07-BED31E4F36A1}.Debug|x64.ActiveCfg = Debug|x64
		{5B9E57F4-4C20-4421-BA07-BED31E4F36A1}.Debug|x64.Build.0 = Debug|x64
		{5B9E57F4-4C20-4421-BA07-BED31E4F36A1}.Debug|x86.ActiveCfg = Debug|Win32
		{5B9E57F4-4C20-4421-BA07-BED31E4F36A1}.Debug|x86.Build.0 = Debug|Win32
		{5B9E57F4-4C20-4421-BA07-BED31E4F36A1}.Release|x64.ActiveCfg = Release|x64
		{5B9E57F4-4C20-4421-BA07-BED31E4F36A1}.Release|x64.Build.0 = Release|x64
		{5B9E57F4-4C20-4421-BA07-BED31E4F36A1}.Release|x86.ActiveCfg = Release|Win32
		{5B9E57F4-4C20-4421-BA07-BED31E4F36A1}.Release|x86.Build.0 = Release|Win32
		{81876A64-D750-4AE3-8D9C-97C05AC8E2E3}.Debug|x64.ActiveCfg = Debug|x64
		{81876A64-D750-4AE3-8D9C-97C05AC8E2E3}.Debug|x64.Build.0 = Debug|x64
		{81876A64-D750-4AE3-8D9C-97C05AC8E2E3}.Debug|x86.ActiveCfg = Debug|Win32
		{81876A64-D750-4AE3-8D9C-97C05AC8E2E3}.Debug|x86.Build.0 = Debug|Win32
		{81876A64-D750-4AE3-8D9C-97C05AC8E2E3}.Release|x64.ActiveCfg = Release|x64
		{81876A64-D750-4AE3-8D9C-97C05AC8E2E3}.Release|x64.Build.0 = Release|x64
		{81876A64-D750-4AE3-8D9C-97C05AC8E2E3}.Release|x86.ActiveCfg = Release|Win32
		{81876A64-D750-4AE3-8D9C-97C05AC8E2E3}.Release|x86.Build.0 = Release|Win32
		{F7597569-01A2-4788-AC51-857384B8F7CA}.Debug|x64.ActiveCfg = Debug|x64
		{F7597569-01A2-4788-AC51-857384B8F7CA}.Debug|x64.Build.0 = Debug|x64
		{F7597569-01A2-4788-AC51-857384B8F7CA}.Debug|x86.ActiveCfg = Debug|Win32
		{F7597569-01A2-4788-AC51-857384B8F7CA}.Debug|x86.Build.0 = Debug|Win32
		{F7597569-01A2-4788-AC51-857384B8F7CA}.Release|x64.ActiveCfg = Release|x64
		{F7597569-01A2-4788-AC51-857384B8F7CA}.Release|x64.Build.0 = Release|x64
		{F7597569-01A2-4788-AC51-857384B8F7CA}.Release|x86.ActiveCfg = Release|Win32
		{F7597569-01A2-4788-AC51-857384B8F7CA}.Release|x86.Build.0 = Release|Win32
		{C2682CDD-792D-41B7-B55C-5AF9C57CDF27}.Debug|x64.ActiveCfg = Debug|x64
		{C2682CDD-792D-41B7-B55C-5AF9C57CDF27}.Debug|x64.Build.0 = Debug|x64
		{C2682CDD-792D-41B7-B55C-5AF9C57CDF27}.Debug|x86.ActiveCfg = Debug|Win32
		{C2682CDD-792D-41B7-B55C-5AF9C57CDF27}.Debug|x86.Build.0 = Debug|Win32
		{C2682CDD-792D-41B7-B55C-5AF9C57CDF27}.Release|x64.ActiveCfg = Release|x64
		{C2682CDD-792D-41B7-B55C-5AF9C57CDF27}.Release|x64.Build.0 = Release|x64
		{C2682CDD-792D-41B7-B55C-5AF9C57CDF27}.Release|x86.ActiveCfg = Release|Win32
		{C2682CDD-792D-41B7-B55C-5AF9C57CDF27}.Release|x86.Build.0 = Release|Win32
		{F5F36E2C-D5B6-4821-AD3C-37DB72C634BA}.Debug|x64.ActiveCfg = Debug|x64
		{F5F36E2C-D5B6-4821-AD3C-37DB72C634BA}.Debug|x64.Build.0 = Debug|x64
		{F5F36E2C-D5B6-4821-AD3C-37DB72C634BA}.Debug|x86.ActiveCfg = Debug|Win32
		{F5F36E2C-D5B6-4821-AD3C-37DB72C634BA}.Debug|x86.Build.0 = Debug|Win32
		{F5F36E2C-D5B6-4821-AD3C-37DB72C634BA}.Release|x64.ActiveCfg = Release|x64
		{F5F36E2C-D5B6-4821-AD3C-37DB72C634BA}.Release|x64.Build.0 = Release|x64
		{F5F36E2C-D5B6-4821-AD3C-37DB72C634BA}.Release|x86.ActiveCfg = Release|Win32
		{F5F36E2C-D5B6-4821-AD3C-37DB72C634BA}.Release|x86.Build.0 = Release|Win32
		{605FE5A2-DAF6-43FD-98C0-AA43FF8203A3}.Debug|x64.ActiveCfg = Debug|x64
		{605FE5A2-DAF6-43FD-98C0-AA43FF8203A3}.Debug|x64.Build.0 = Debug|x64
		{605FE5A2-DAF6-43FD-98C0-AA43FF8203A3}.Debug|x86.ActiveCfg = Debug|Win32
		{605FE5A2-DAF6-43FD-98C0-AA43FF8203A3}.Debug|x86.Build.0 = Debug|Win32
		{605FE5A2-DAF6-43FD-98C0-AA43FF8203A3}.Release|x64.ActiveCfg = Release|x64
		{605FE5A2-DAF6-43FD-98C0-AA43FF8203A3}.Release|x64.Build.0 = Release|x64
		{605FE5A2-DAF6-43FD-98C0-AA43FF8203A3}.Release|x86.ActiveCfg = Release|Win32
		{605FE5A2-DAF6-43FD-98C0-AA43FF8203A3}.Release|x86.Build.0 = Release|Win32
		{D206D212-8F20-41C7-BB5C-02E473D3FBB7}.Debug|x64.ActiveCfg = Debug|x64
		{D206D212-8F20-41C7-BB5C-02E473D3FBB7}.Debug|x64.Build.0 = Debug|x64
		{D206D212-8F20-41C7-BB5C-02E473D3FBB7}.Debug|x86.ActiveCfg = Debug|Win32
		{D206D212-8F20-41C7-BB5C-02E473D3FBB7}.Debug|x86.Build.0 = Debug|Win32
		{D206D212-8F20-41C7-BB5C-02E473D3FBB7}.Release|x64.ActiveCfg = Release|x64
		{D206D212-8F20-41C7-BB5C-02E473D3FBB7}.Release|x64.Build.0 = Release|x64
		{D206D212-8F20-41C7-BB5C-02E473D3FBB7}.Release|x86.ActiveCfg = Release|Win32
		{D206D212-8F20-41C7-BB5C-02E473D3FBB7}.Release|x86.Build.0 = Release|Win32
		{F0180E08-6865-4FCC-B5F5-831C147471A8}.Debug|x64.ActiveCfg = Debug|x64
		{F0180E08-6865-4FCC-B5F5-831C147471A8}.Debug|x64.Build.0 = Debug|x64
		{F0180E08-6865-4FCC-B5F5-831C147471A8}.Debug|x86.ActiveCfg = Debug|Win32
		{F0180E08-6865-4FCC-B5F5-831C147471A8}.Debug|x86.Build.0 = Debug|Win32
		{F0180E08-6865-4FCC-B5F5-831C147471A8}.Release|x64.ActiveCfg = Release|x64
		{F0180E08-6865-4FCC-B5F5-831C147471A8}.Release|x64.Build.0 = Release|x64
		{F0180E08-6865-4FCC-B5F5-831C147471A8}.Release|x86.ActiveCfg = Release|Win32
		{F0180E08-6865-4FCC-B5F5-831C147471A8}.Release|x86.Build.0 = Release|Win32
		{A857F049-6AB9-4AAC-8C00-0B5FD390E859}.Debug|x64.ActiveCfg = Debug|x64
		{A857F049-6AB9-4AAC-8C00-0B5FD390E859}.Debug|x64.Build.0 = Debug|x64
		{A857F049-6AB9-4AAC-8C00-0B5FD390E859}.Debug|x86.ActiveCfg = Debug|Win32
		{A857F049-6AB9-4AAC-8C00-0B5FD390E859}.Debug|x86.Build.0 = Debug|Win32
		{A857F049-6AB9-4AAC-8C00-0B5FD390E859}.Release|x64.ActiveCfg = Release|x64
		{A857F049-6AB9-4AAC-8C00-0B5FD390E859}.Release|x64.Build.0 = Release|x64
		{A857F049-6AB9-4AAC-8C00-0B5FD390E859}.Release|x86.ActiveCfg = Release|Win32
		{A857F049-6AB9-4AAC-8C00-0B5FD390E859}.Release|x86.Build.0 = Release|Win32
		{EF143575-E513-45C1-80AD-E2B88D4FFA37}.Debug|x64.ActiveCfg = Debug|x64
		{EF143575-E513-45C1-80AD-E2B88D4FFA37}.Debug|x64.Build.0 = Debug|x64
		{EF143575-E513-45C1-80AD-E2B88D4FFA37}.Debug|x86.ActiveCfg = Debug|Win32
		{EF143575-E513-45C1-80AD-E2B88D4FFA37}.Debug|x86.Build.0 = Debug|Win32
		{EF143575-E513-45C1-80AD-E2B88D4FFA37}.Release|x64.ActiveCfg = Release|x64
		{EF143575-E513-45C1-80AD-E2B88D4FFA37}.Release|x64.Build.0 = Release|x64
		{EF143575-E513-45C1-80AD-E2B88D4FFA37}.Release|x86.ActiveCfg = Release|Win32
		{EF143575-E513-45C1-80AD-E2B88D4FFA37}.Release|x86.Build.0 = Release|Win32
		{F6BEE54C-A555-4F7B-92A8-94E0CE873BCC}.Debug|x64.ActiveCfg = Debug|x64
		{F6BEE54C-A555-4F7B-92A8-94E0CE873BCC}.Debug|x64.Build.0 = Debug|x64
		{F6BEE54C-A555-4F7B-92A8-94E0CE873BCC}.Debug|x86.ActiveCfg = Debug|Win32
		{F6BEE54C-A555-4F7B-92A8-94E0CE873BCC}.Debug|x86.Build.0 = Debug|Win32
		{F6BEE54C-A555-4F7B-92A8-94E0CE873BCC}.Release|x64.ActiveCfg = Release|x64
		{F6BEE54C-A555-4F7B-92A8-94E0CE873BCC}.Release|x64.Build.0 = Release|x64
		{F6BEE54C-A555-4F7B-92A8-94E0CE873BCC}.Release|x86.ActiveCfg = Release|Win32
		{F6BEE54C-A555-4F7B-92A8-94E0CE873BCC}.Release|x86.Build.0 = Release|Win32
		{F019C91F-31E7-4B6B-AE46-40772ABE8B51}.Debug|x64.ActiveCfg = Debug|x64
		{F019C91F-31E7-4B6B-AE46-40772ABE8B51}.Debug|x64.Build.0 = Debug|x64
		{F019C91F-31E7-4B6B-AE46-40772ABE8B51}.Debug|x86.ActiveCfg = Debug|Win32
		{F019C91F-31E7-4B6B-AE46-40772ABE8B51}.Debug|x86.Build.0 = Debug|Win32
		{F019C91F-31E7-4B6B-AE46-40772ABE8B51}.Release|x64.ActiveCfg = Release|x64
		{F019C91F-31E7-4B6B-AE46-40772ABE8B51}.Release|x64.Build.0 = Release|x64
		{F019C91F-31E7-4B6B-AE46-40772ABE8B51}.Release|x86.ActiveCfg = Release|Win32
		{F019C91F-31E7-4B6B-AE46-40772ABE8B51}.Release|x86.Build.0 = Release|Win32
		{42ABAF1F-4A9B-4818-A54E-AA6C2BF124E5}.Debug|x64.ActiveCfg = Debug|x64
		{42ABAF1F-4A9B-4818-A54E-AA6C2BF124E5}.Debug|x64.Build.0 = Debug|x64
		{42ABAF1F-4A9B-4818-A54E-AA6C2BF124E5}.Debug|x86.ActiveCfg = Debug|Win32
		{42ABAF1F-4A9B-4818-A54E-AA6C2BF124E5}.Debug|x86.Build.0 = Debug|Win32
		{42ABAF1F-4A9B-4818-A54E-AA6C2BF124E5}.Release|x64.ActiveCfg = Release|x64
		{42ABAF1F-4A9B-4818-A54E-AA6C2BF124E5}.Release|x64.Build.0 = Release|x64
		{42ABAF1F-4A9B-4818-A54E-AA6C2BF124E5}.Release|x86.ActiveCfg = Release|Win32
		{42ABAF1F-4A9B-4818-A54E-AA6C2BF124E5}.Release|x86.Build.0 = Release|Win32
		{05C431D7-CD86-41AE-AD2A-A741BB53194F}.Debug|x64.ActiveCfg = Debug|x64
		{05C431D7-CD86-41AE-AD2A-A741BB53194F}.Debug|x64.Build.0 = Debug|x64
		{05C431D7-CD86-41AE-AD2A-A741BB53194F}.Debug|x86.ActiveCfg = Debug|Win32
		{05C431D7-CD86-41AE-AD2A-A741BB53194F}.Debug|x86.Build.0 = Debug|Win32
		{05C431D7-CD86-41AE-AD2A-A741BB53194F}.Release|x64.ActiveCfg = Release|x64
		{05C431D7-CD86-41AE-AD2A-A741BB53194F}.Release|x64.Build.0 = Release|x64
		{05C431D7-CD86-41AE-AD2A-A741BB53194F}.Release|x86.ActiveCfg = Release|Win32
		{05C431D7-CD86-41AE-AD2A-A741BB53194F}.Release|x86.Build.0 = Release|Win32
	EndGlobalSection
	GlobalSection(SolutionProperties) = preSolution
		HideSolutionNode = FALSE
	EndGlobalSection
EndGlobal
