
Microsoft Visual Studio Solution File, Format Version 12.00
# Visual Studio 15
VisualStudioVersion = 15.0.28307.779
MinimumVisualStudioVersion = 10.0.40219.1
Project("{8BC9CEB8-8B4A-11D0-8D11-00A0C91BC942}") = "FunctionPointer", "FunctionPointer\FunctionPointer.vcxproj", "{143D1C56-FD71-4C1A-9B1B-20097C15FE29}"
EndProject
Global
	GlobalSection(SolutionConfigurationPlatforms) = preSolution
		Debug|x64 = Debug|x64
		Debug|x86 = Debug|x86
		Release|x64 = Release|x64
		Release|x86 = Release|x86
	EndGlobalSection
	GlobalSection(ProjectConfigurationPlatforms) = postSolution
		{143D1C56-FD71-4C1A-9B1B-20097C15FE29}.Debug|x64.ActiveCfg = Debug|x64
		{143D1C56-FD71-4C1A-9B1B-20097C15FE29}.Debug|x64.Build.0 = Debug|x64
		{143D1C56-FD71-4C1A-9B1B-20097C15FE29}.Debug|x86.ActiveCfg = Debug|Win32
		{143D1C56-FD71-4C1A-9B1B-20097C15FE29}.Debug|x86.Build.0 = Debug|Win32
		{143D1C56-FD71-4C1A-9B1B-20097C15FE29}.Release|x64.ActiveCfg = Release|x64
		{143D1C56-FD71-4C1A-9B1B-20097C15FE29}.Release|x64.Build.0 = Release|x64
		{143D1C56-FD71-4C1A-9B1B-20097C15FE29}.Release|x86.ActiveCfg = Release|Win32
		{143D1C56-FD71-4C1A-9B1B-20097C15FE29}.Release|x86.Build.0 = Release|Win32
	EndGlobalSection
	GlobalSection(SolutionProperties) = preSolution
		HideSolutionNode = FALSE
	EndGlobalSection
	GlobalSection(ExtensibilityGlobals) = postSolution
		SolutionGuid = {636F2E27-41EA-4193-8D03-C925B67925BD}
	EndGlobalSection
EndGlobal
